
Microsoft Visual Studio Solution File, Format Version 12.00
# Visual Studio Version 16
VisualStudioVersion = 16.0.29009.5
MinimumVisualStudioVersion = 10.0.40219.1
Project("{FAE04EC0-301F-11D3-BF4B-00C04F79EFBC}") = "Globomantics", "Globomantics\Globomantics.csproj", "{30FA9151-4E90-4415-A21C-DC696BD874E5}"
EndProject
Global
	GlobalSection(SolutionConfigurationPlatforms) = preSolution
		Debug|Any CPU = Debug|Any CPU
		Release|Any CPU = Release|Any CPU
	EndGlobalSection
	GlobalSection(ProjectConfigurationPlatforms) = postSolution
		{30FA9151-4E90-4415-A21C-DC696BD874E5}.Debug|Any CPU.ActiveCfg = Debug|Any CPU
		{30FA9151-4E90-4415-A21C-DC696BD874E5}.Debug|Any CPU.Build.0 = Debug|Any CPU
		{30FA9151-4E90-4415-A21C-DC696BD874E5}.Release|Any CPU.ActiveCfg = Release|Any CPU
		{30FA9151-4E90-4415-A21C-DC696BD874E5}.Release|Any CPU.Build.0 = Release|Any CPU
	EndGlobalSection
	GlobalSection(SolutionProperties) = preSolution
		HideSolutionNode = FALSE
	EndGlobalSection
	GlobalSection(ExtensibilityGlobals) = postSolution
		SolutionGuid = {99CD7A89-98D5-47F1-9572-B853F69087E6}
	EndGlobalSection
EndGlobal
